
Microsoft Visual Studio Solution File, Format Version 12.00
# Visual Studio Version 16
VisualStudioVersion = 16.0.30128.74
MinimumVisualStudioVersion = 10.0.40219.1
Project("{FAE04EC0-301F-11D3-BF4B-00C04F79EFBC}") = "TestTaskApp", "TestTaskApp\TestTaskApp.csproj", "{81338C30-1D99-49EC-BFC4-82C0BAE6DB0D}"
EndProject
Global
	GlobalSection(SolutionConfigurationPlatforms) = preSolution
		Debug|Any CPU = Debug|Any CPU
		Release|Any CPU = Release|Any CPU
	EndGlobalSection
	GlobalSection(ProjectConfigurationPlatforms) = postSolution
		{81338C30-1D99-49EC-BFC4-82C0BAE6DB0D}.Debug|Any CPU.ActiveCfg = Debug|Any CPU
		{81338C30-1D99-49EC-BFC4-82C0BAE6DB0D}.Debug|Any CPU.Build.0 = Debug|Any CPU
		{81338C30-1D99-49EC-BFC4-82C0BAE6DB0D}.Release|Any CPU.ActiveCfg = Release|Any CPU
		{81338C30-1D99-49EC-BFC4-82C0BAE6DB0D}.Release|Any CPU.Build.0 = Release|Any CPU
	EndGlobalSection
	GlobalSection(SolutionProperties) = preSolution
		HideSolutionNode = FALSE
	EndGlobalSection
	GlobalSection(ExtensibilityGlobals) = postSolution
		SolutionGuid = {8F4D2918-6C67-4F1F-A008-747498C7B763}
	EndGlobalSection
EndGlobal
